
Microsoft Visual Studio Solution File, Format Version 12.00
# Visual Studio Version 17
VisualStudioVersion = 17.7.34031.279
MinimumVisualStudioVersion = 10.0.40219.1
Project("{9A19103F-16F7-4668-BE54-9A1E7A4F7556}") = "FileStoreFrontend", "FileStoreFrontend\FileStoreFrontend.csproj", "{F8701B89-E128-4197-B60B-C69679FED122}"
EndProject
Global
	GlobalSection(SolutionConfigurationPlatforms) = preSolution
		Debug|Any CPU = Debug|Any CPU
		Release|Any CPU = Release|Any CPU
	EndGlobalSection
	GlobalSection(ProjectConfigurationPlatforms) = postSolution
		{F8701B89-E128-4197-B60B-C69679FED122}.Debug|Any CPU.ActiveCfg = Debug|Any CPU
		{F8701B89-E128-4197-B60B-C69679FED122}.Debug|Any CPU.Build.0 = Debug|Any CPU
		{F8701B89-E128-4197-B60B-C69679FED122}.Release|Any CPU.ActiveCfg = Release|Any CPU
		{F8701B89-E128-4197-B60B-C69679FED122}.Release|Any CPU.Build.0 = Release|Any CPU
	EndGlobalSection
	GlobalSection(SolutionProperties) = preSolution
		HideSolutionNode = FALSE
	EndGlobalSection
	GlobalSection(ExtensibilityGlobals) = postSolution
		SolutionGuid = {9998C8FC-6EDE-405A-AC74-29EBCCD687E1}
	EndGlobalSection
EndGlobal
